<?xml version="1.0" encoding="utf-8"?>
<Project ToolsVersion="4.0" xmlns="http://schemas.microsoft.com/developer/msbuild/2003">
  <ItemGroup>
    <ClCompile Include="CBaseEntity.cpp">
      <Filter>SDK</Filter>
    </ClCompile>
    <ClCompile Include="structs\checksum_md5.cpp">
      <Filter>SDK</Filter>
    </ClCompile>
    <ClCompile Include="ImGUI\imgui.cpp">
      <Filter>ImGui</Filter>
    </ClCompile>
    <ClCompile Include="ImGUI\imgui_demo.cpp">
      <Filter>ImGui</Filter>
    </ClCompile>
    <ClCompile Include="ImGUI\imgui_draw.cpp">
      <Filter>ImGui</Filter>
    </ClCompile>
    <ClCompile Include="ImGUI\DX9\imgui_impl_dx9.cpp">
      <Filter>ImGui</Filter>
    </ClCompile>
    <ClCompile Include="ImGUI\imgui_colorpicker.cpp">
      <Filter>ImGui</Filter>
    </ClCompile>
    <ClCompile Include="Createmove.cpp">
      <Filter>Hooks\Createmove</Filter>
    </ClCompile>
    <ClCompile Include="GameEvents.cpp">
      <Filter>Hooks\Game events</Filter>
    </ClCompile>
    <ClCompile Include="FrameStageNotify.cpp">
      <Filter>Hooks\Framestage Notify</Filter>
    </ClCompile>
    <ClCompile Include="Aimbot.cpp">
      <Filter>Hooks\Createmove\Ragebot</Filter>
    </ClCompile>
    <ClCompile Include="Antiaim.cpp">
      <Filter>Hooks\Createmove\Antiaim</Filter>
    </ClCompile>
    <ClCompile Include="BacktrackingHelper.cpp">
      <Filter>Hooks\Createmove\Prediction</Filter>
    </ClCompile>
    <ClCompile Include="Autowall.cpp">
      <Filter>Autowall</Filter>
    </ClCompile>
    <ClCompile Include="EndScene.cpp">
      <Filter>Hooks\Endscene</Filter>
    </ClCompile>
    <ClCompile Include="ESP.cpp">
      <Filter>Hooks\Paint traverse\Visuals</Filter>
    </ClCompile>
    <ClCompile Include="DrawModelExecute.cpp">
      <Filter>Hooks\Drawmodel Execute</Filter>
    </ClCompile>
    <ClCompile Include="Config.cpp">
      <Filter>Hooks\Endscene\Menu Items</Filter>
    </ClCompile>
    <ClCompile Include="GrenadePrediction.cpp">
      <Filter>Hooks\Paint traverse\Visuals</Filter>
    </ClCompile>
    <ClCompile Include="PaintTraverse.cpp">
      <Filter>Hooks\Paint traverse</Filter>
    </ClCompile>
    <ClCompile Include="OverrideView.cpp">
      <Filter>Hooks\Override View</Filter>
    </ClCompile>
    <ClCompile Include="PredictionSystem.cpp">
      <Filter>Hooks\Createmove\Prediction</Filter>
    </ClCompile>
    <ClCompile Include="Hitmarker.cpp">
      <Filter>Hooks\Paint traverse\Visuals</Filter>
    </ClCompile>
    <ClCompile Include="WndProc.cpp">
      <Filter>SDK</Filter>
    </ClCompile>
    <ClCompile Include="Utilities.cpp">
      <Filter>SDK</Filter>
    </ClCompile>
    <ClCompile Include="tinyxml2.cpp">
      <Filter>SDK</Filter>
    </ClCompile>
    <ClCompile Include="SpoofedConvar.cpp">
      <Filter>SDK</Filter>
    </ClCompile>
    <ClCompile Include="Misc.cpp">
      <Filter>SDK</Filter>
    </ClCompile>
    <ClCompile Include="netvars.cpp">
      <Filter>SDK</Filter>
    </ClCompile>
    <ClCompile Include="offsets.cpp">
      <Filter>SDK</Filter>
    </ClCompile>
    <ClCompile Include="MaterialHelper.cpp">
      <Filter>SDK</Filter>
    </ClCompile>
    <ClCompile Include="Math.cpp">
      <Filter>SDK</Filter>
    </ClCompile>
    <ClCompile Include="GameUtils.cpp">
      <Filter>SDK</Filter>
    </ClCompile>
    <ClCompile Include="global.cpp">
      <Filter>SDK</Filter>
    </ClCompile>
    <ClCompile Include="EngineTrace.cpp">
      <Filter>SDK</Filter>
    </ClCompile>
    <ClCompile Include="FixMove.cpp">
      <Filter>SDK</Filter>
    </ClCompile>
    <ClCompile Include="Engine.cpp">
      <Filter>SDK</Filter>
    </ClCompile>
    <ClCompile Include="Draw.cpp">
      <Filter>SDK</Filter>
    </ClCompile>
    <ClCompile Include="main.cpp">
      <Filter>Entry point</Filter>
    </ClCompile>
    <ClCompile Include="Serversounds.cpp">
      <Filter>Hooks\Server sounds</Filter>
    </ClCompile>
    <ClCompile Include="Animations.cpp">
      <Filter>Hooks\Createmove\Antiaim</Filter>
    </ClCompile>
  </ItemGroup>
  <ItemGroup>
    <ClInclude Include="structs\angle.h">
      <Filter>SDK\structs</Filter>
    </ClInclude>
    <ClInclude Include="structs\basecombatweapon.h">
      <Filter>SDK\structs</Filter>
    </ClInclude>
    <ClInclude Include="structs\bspflags.h">
      <Filter>SDK\structs</Filter>
    </ClInclude>
    <ClInclude Include="structs\baseentity.h">
      <Filter>SDK\structs</Filter>
    </ClInclude>
    <ClInclude Include="structs\CGlow.h">
      <Filter>SDK\structs</Filter>
    </ClInclude>
    <ClInclude Include="structs\checksum_md5.h">
      <Filter>SDK\structs</Filter>
    </ClInclude>
    <ClInclude Include="structs\client.h">
      <Filter>SDK\structs</Filter>
    </ClInclude>
    <ClInclude Include="structs\cliententlist.h">
      <Filter>SDK\structs</Filter>
    </ClInclude>
    <ClInclude Include="structs\clientrecvprops.h">
      <Filter>SDK\structs</Filter>
    </ClInclude>
    <ClInclude Include="structs\clientmodeshared.h">
      <Filter>SDK\structs</Filter>
    </ClInclude>
    <ClInclude Include="common.h">
      <Filter>SDK\structs</Filter>
    </ClInclude>
    <ClInclude Include="structs\convar.h">
      <Filter>SDK\structs</Filter>
    </ClInclude>
    <ClInclude Include="structs\crc32.h">
      <Filter>SDK\structs</Filter>
    </ClInclude>
    <ClInclude Include="ImGUI\imconfig.h">
      <Filter>ImGui</Filter>
    </ClInclude>
    <ClInclude Include="ImGUI\imgui.h">
      <Filter>ImGui</Filter>
    </ClInclude>
    <ClInclude Include="ImGUI\imgui_internal.h">
      <Filter>ImGui</Filter>
    </ClInclude>
    <ClInclude Include="ImGUI\stb_rect_pack.h">
      <Filter>ImGui</Filter>
    </ClInclude>
    <ClInclude Include="ImGUI\stb_textedit.h">
      <Filter>ImGui</Filter>
    </ClInclude>
    <ClInclude Include="ImGUI\stb_truetype.h">
      <Filter>ImGui</Filter>
    </ClInclude>
    <ClInclude Include="ImGUI\DX9\imgui_impl_dx9.h">
      <Filter>ImGui</Filter>
    </ClInclude>
    <ClInclude Include="structs\GameEvents.h">
      <Filter>Hooks\Game events</Filter>
    </ClInclude>
    <ClInclude Include="Aimbot.h">
      <Filter>Hooks\Createmove\Ragebot</Filter>
    </ClInclude>
    <ClInclude Include="Antiaim.h">
      <Filter>Hooks\Createmove\Antiaim</Filter>
    </ClInclude>
    <ClInclude Include="BacktrackingHelper.h">
      <Filter>Hooks\Createmove\Prediction</Filter>
    </ClInclude>
    <ClInclude Include="Autowall.h">
      <Filter>Autowall</Filter>
    </ClInclude>
    <ClInclude Include="ESP.h">
      <Filter>Hooks\Paint traverse\Visuals</Filter>
    </ClInclude>
    <ClInclude Include="ClientVariables.h">
      <Filter>Hooks\Endscene\Menu Items</Filter>
    </ClInclude>
    <ClInclude Include="Config.h">
      <Filter>Hooks\Endscene\Menu Items</Filter>
    </ClInclude>
    <ClInclude Include="definitions.h">
      <Filter>Hooks\Endscene\Menu Items</Filter>
    </ClInclude>
    <ClInclude Include="structs\Prediction.h">
      <Filter>Hooks\Createmove\Prediction</Filter>
    </ClInclude>
    <ClInclude Include="GrenadePrediction.h">
      <Filter>Hooks\Paint traverse\Visuals</Filter>
    </ClInclude>
    <ClInclude Include="PredictionSystem.h">
      <Filter>Hooks\Createmove\Prediction</Filter>
    </ClInclude>
    <ClInclude Include="ScreenEffects.h">
      <Filter>Hooks\Scene End</Filter>
    </ClInclude>
    <ClInclude Include="Hitmarker.h">
      <Filter>Hooks\Paint traverse\Visuals</Filter>
    </ClInclude>
    <ClInclude Include="structs\dt_common2.h">
      <Filter>SDK</Filter>
    </ClInclude>
    <ClInclude Include="xor.h">
      <Filter>SDK</Filter>
    </ClInclude>
    <ClInclude Include="vmt.h">
      <Filter>SDK</Filter>
    </ClInclude>
    <ClInclude Include="structs\vmatrix.h">
      <Filter>SDK</Filter>
    </ClInclude>
    <ClInclude Include="structs\vector.h">
      <Filter>SDK</Filter>
    </ClInclude>
    <ClInclude Include="Utilities.h">
      <Filter>SDK</Filter>
    </ClInclude>
    <ClInclude Include="structs\usercmd.h">
      <Filter>SDK</Filter>
    </ClInclude>
    <ClInclude Include="tinyxml2.h">
      <Filter>SDK</Filter>
    </ClInclude>
    <ClInclude Include="structs\trace.h">
      <Filter>SDK</Filter>
    </ClInclude>
    <ClInclude Include="Skinchanger.h">
      <Filter>SDK</Filter>
    </ClInclude>
    <ClInclude Include="SpoofedConvar.h">
      <Filter>SDK</Filter>
    </ClInclude>
    <ClInclude Include="sse69.h">
      <Filter>SDK</Filter>
    </ClInclude>
    <ClInclude Include="structs\surface.h">
      <Filter>SDK</Filter>
    </ClInclude>
    <ClInclude Include="structs\physics.h">
      <Filter>SDK</Filter>
    </ClInclude>
    <ClInclude Include="structs\playerinfo.h">
      <Filter>SDK</Filter>
    </ClInclude>
    <ClInclude Include="structs\quaternion.h">
      <Filter>SDK</Filter>
    </ClInclude>
    <ClInclude Include="RollVector.h">
      <Filter>SDK</Filter>
    </ClInclude>
    <ClInclude Include="sdk.h">
      <Filter>SDK</Filter>
    </ClInclude>
    <ClInclude Include="Math.h">
      <Filter>SDK</Filter>
    </ClInclude>
    <ClInclude Include="Misc.h">
      <Filter>SDK</Filter>
    </ClInclude>
    <ClInclude Include="structs\modelinfo.h">
      <Filter>SDK</Filter>
    </ClInclude>
    <ClInclude Include="structs\msg.h">
      <Filter>SDK</Filter>
    </ClInclude>
    <ClInclude Include="netvars.h">
      <Filter>SDK</Filter>
    </ClInclude>
    <ClInclude Include="structs\offsets.h">
      <Filter>SDK</Filter>
    </ClInclude>
    <ClInclude Include="structs\panel.h">
      <Filter>SDK</Filter>
    </ClInclude>
    <ClInclude Include="Items.h">
      <Filter>SDK</Filter>
    </ClInclude>
    <ClInclude Include="MaterialHelper.h">
      <Filter>SDK</Filter>
    </ClInclude>
    <ClInclude Include="structs\materials.h">
      <Filter>SDK</Filter>
    </ClInclude>
    <ClInclude Include="structs\globals.h">
      <Filter>SDK</Filter>
    </ClInclude>
    <ClInclude Include="hooks.h">
      <Filter>SDK</Filter>
    </ClInclude>
    <ClInclude Include="structs\input.h">
      <Filter>SDK</Filter>
    </ClInclude>
    <ClInclude Include="interfaces.h">
      <Filter>SDK</Filter>
    </ClInclude>
    <ClInclude Include="GameUtils.h">
      <Filter>SDK</Filter>
    </ClInclude>
    <ClInclude Include="global.h">
      <Filter>SDK</Filter>
    </ClInclude>
    <ClInclude Include="structs\enginevgui.h">
      <Filter>SDK</Filter>
    </ClInclude>
    <ClInclude Include="structs\firebullet.h">
      <Filter>SDK</Filter>
    </ClInclude>
    <ClInclude Include="FixMove.h">
      <Filter>SDK</Filter>
    </ClInclude>
    <ClInclude Include="structs\dt_recv2.h">
      <Filter>SDK</Filter>
    </ClInclude>
    <ClInclude Include="structs\engine.h">
      <Filter>SDK</Filter>
    </ClInclude>
    <ClInclude Include="structs\debugoverlay.h">
      <Filter>SDK</Filter>
    </ClInclude>
    <ClInclude Include="Draw.h">
      <Filter>SDK</Filter>
    </ClInclude>
    <ClInclude Include="Serversounds.h">
      <Filter>Hooks\Server sounds</Filter>
    </ClInclude>
    <ClInclude Include="Animations.h">
      <Filter>Hooks\Createmove\Antiaim</Filter>
    </ClInclude>
  </ItemGroup>
  <ItemGroup>
    <Filter Include="SDK">
      <UniqueIdentifier>{76de139b-878a-4716-a6fa-53cb07698a92}</UniqueIdentifier>
    </Filter>
    <Filter Include="SDK\structs">
      <UniqueIdentifier>{8a972f70-4df7-471f-8b40-ce019c5c4b14}</UniqueIdentifier>
    </Filter>
    <Filter Include="ImGui">
      <UniqueIdentifier>{90ec5e15-1aed-49ec-8263-946b781acfd9}</UniqueIdentifier>
    </Filter>
    <Filter Include="Hooks">
      <UniqueIdentifier>{170fabd6-bcc5-4425-b1a5-50bb8ba3ff91}</UniqueIdentifier>
    </Filter>
    <Filter Include="Hooks\Createmove">
      <UniqueIdentifier>{66709ae3-31d9-4f14-89c5-950531de7fac}</UniqueIdentifier>
    </Filter>
    <Filter Include="Hooks\Paint traverse">
      <UniqueIdentifier>{99158099-91f2-426e-9f5f-37dd4370f46b}</UniqueIdentifier>
    </Filter>
    <Filter Include="Hooks\Game events">
      <UniqueIdentifier>{0ae33a39-6926-4360-8407-31a8e4100ad7}</UniqueIdentifier>
    </Filter>
    <Filter Include="Hooks\Framestage Notify">
      <UniqueIdentifier>{b58a7f59-f801-45ef-b492-1c648248fdff}</UniqueIdentifier>
    </Filter>
    <Filter Include="Hooks\Endscene">
      <UniqueIdentifier>{973fe60f-773f-4c6c-bea2-f066a0ac73b1}</UniqueIdentifier>
    </Filter>
    <Filter Include="Hooks\Drawmodel Execute">
      <UniqueIdentifier>{feaae198-0f57-4af8-97c2-750fa7e2af96}</UniqueIdentifier>
    </Filter>
    <Filter Include="Hooks\Scene End">
      <UniqueIdentifier>{30f75e94-b053-47dc-8095-51cdea4003ea}</UniqueIdentifier>
    </Filter>
    <Filter Include="Hooks\Override View">
      <UniqueIdentifier>{dd636847-0c53-40bb-8cb2-97e4a74de8ab}</UniqueIdentifier>
    </Filter>
    <Filter Include="Hooks\Createmove\Ragebot">
      <UniqueIdentifier>{732e8454-4b2b-486f-8aeb-7d5fc1054a92}</UniqueIdentifier>
    </Filter>
    <Filter Include="Hooks\Createmove\Legitbot">
      <UniqueIdentifier>{31c4ddfe-1aaa-422e-9b4a-27ddbaaf1cf7}</UniqueIdentifier>
    </Filter>
    <Filter Include="Hooks\Createmove\Prediction">
      <UniqueIdentifier>{eb1ea1d5-dc00-4fa2-a2f9-47cca05c75fd}</UniqueIdentifier>
    </Filter>
    <Filter Include="Hooks\Createmove\Antiaim">
      <UniqueIdentifier>{46b7cd03-42c9-4a84-9929-1518ebdd1122}</UniqueIdentifier>
    </Filter>
    <Filter Include="Autowall">
      <UniqueIdentifier>{348f5ac6-1250-4892-be6b-c70c6aea8ddf}</UniqueIdentifier>
    </Filter>
    <Filter Include="Hooks\Paint traverse\Visuals">
      <UniqueIdentifier>{5ae7cc36-52d0-4d17-b96a-9beddd0e58c9}</UniqueIdentifier>
    </Filter>
    <Filter Include="Hooks\Endscene\Menu Items">
      <UniqueIdentifier>{74b5d036-cbf2-4a58-bfd6-3c77a9552d6c}</UniqueIdentifier>
    </Filter>
    <Filter Include="Entry point">
      <UniqueIdentifier>{a5cf258b-dd1d-42a5-adf4-35b0c57dcce1}</UniqueIdentifier>
    </Filter>
    <Filter Include="Hooks\Server sounds">
      <UniqueIdentifier>{e72b4c2e-8d6c-498c-a4b6-acf55fb6869d}</UniqueIdentifier>
    </Filter>
  </ItemGroup>
</Project>